
Microsoft Visual Studio Solution File, Format Version 12.00
# Visual Studio Version 17
VisualStudioVersion = 17.0.31903.59
MinimumVisualStudioVersion = 10.0.40219.1
Project("{FAE04EC0-301F-11D3-BF4B-00C04F79EFBC}") = "PortfolioViewer.WebApp", "PortfolioViewer.WebApp\PortfolioViewer.WebApp.csproj", "{8B187206-B5D3-4037-8080-4D29000C15B6}"
EndProject
Project("{FAE04EC0-301F-11D3-BF4B-00C04F79EFBC}") = "PortfolioViewer.Library", "PortfolioViewer.Library\PortfolioViewer.Library.csproj", "{15A2CF9D-B2C2-4FF3-B98B-2B4EAD747EBD}"
EndProject
Global
	GlobalSection(SolutionConfigurationPlatforms) = preSolution
		Debug|Any CPU = Debug|Any CPU
		Debug|x64 = Debug|x64
		Debug|x86 = Debug|x86
		Release|Any CPU = Release|Any CPU
		Release|x64 = Release|x64
		Release|x86 = Release|x86
	EndGlobalSection
	GlobalSection(ProjectConfigurationPlatforms) = postSolution
		{8B187206-B5D3-4037-8080-4D29000C15B6}.Debug|Any CPU.ActiveCfg = Debug|Any CPU
		{8B187206-B5D3-4037-8080-4D29000C15B6}.Debug|Any CPU.Build.0 = Debug|Any CPU
		{8B187206-B5D3-4037-8080-4D29000C15B6}.Debug|x64.ActiveCfg = Debug|Any CPU
		{8B187206-B5D3-4037-8080-4D29000C15B6}.Debug|x64.Build.0 = Debug|Any CPU
		{8B187206-B5D3-4037-8080-4D29000C15B6}.Debug|x86.ActiveCfg = Debug|Any CPU
		{8B187206-B5D3-4037-8080-4D29000C15B6}.Debug|x86.Build.0 = Debug|Any CPU
		{8B187206-B5D3-4037-8080-4D29000C15B6}.Release|Any CPU.ActiveCfg = Release|Any CPU
		{8B187206-B5D3-4037-8080-4D29000C15B6}.Release|Any CPU.Build.0 = Release|Any CPU
		{8B187206-B5D3-4037-8080-4D29000C15B6}.Release|x64.ActiveCfg = Release|Any CPU
		{8B187206-B5D3-4037-8080-4D29000C15B6}.Release|x64.Build.0 = Release|Any CPU
		{8B187206-B5D3-4037-8080-4D29000C15B6}.Release|x86.ActiveCfg = Release|Any CPU
		{8B187206-B5D3-4037-8080-4D29000C15B6}.Release|x86.Build.0 = Release|Any CPU
		{15A2CF9D-B2C2-4FF3-B98B-2B4EAD747EBD}.Debug|Any CPU.ActiveCfg = Debug|Any CPU
		{15A2CF9D-B2C2-4FF3-B98B-2B4EAD747EBD}.Debug|Any CPU.Build.0 = Debug|Any CPU
		{15A2CF9D-B2C2-4FF3-B98B-2B4EAD747EBD}.Debug|x64.ActiveCfg = Debug|Any CPU
		{15A2CF9D-B2C2-4FF3-B98B-2B4EAD747EBD}.Debug|x64.Build.0 = Debug|Any CPU
		{15A2CF9D-B2C2-4FF3-B98B-2B4EAD747EBD}.Debug|x86.ActiveCfg = Debug|Any CPU
		{15A2CF9D-B2C2-4FF3-B98B-2B4EAD747EBD}.Debug|x86.Build.0 = Debug|Any CPU
		{15A2CF9D-B2C2-4FF3-B98B-2B4EAD747EBD}.Release|Any CPU.ActiveCfg = Release|Any CPU
		{15A2CF9D-B2C2-4FF3-B98B-2B4EAD747EBD}.Release|Any CPU.Build.0 = Release|Any CPU
		{15A2CF9D-B2C2-4FF3-B98B-2B4EAD747EBD}.Release|x64.ActiveCfg = Release|Any CPU
		{15A2CF9D-B2C2-4FF3-B98B-2B4EAD747EBD}.Release|x64.Build.0 = Release|Any CPU
		{15A2CF9D-B2C2-4FF3-B98B-2B4EAD747EBD}.Release|x86.ActiveCfg = Release|Any CPU
		{15A2CF9D-B2C2-4FF3-B98B-2B4EAD747EBD}.Release|x86.Build.0 = Release|Any CPU
	EndGlobalSection
	GlobalSection(SolutionProperties) = preSolution
		HideSolutionNode = FALSE
	EndGlobalSection
EndGlobal
